PATH
  remote: .
  specs:
    ruby-lsp (0.26.7)
      language_server-protocol (~> 3.17.0)
      prism (>= 1.2, < 2.0)
      rbs (>= 3, < 5)

GEM
  remote: https://rubygems.org/
  specs:
    ast (2.4.3)
    benchmark (0.5.0)
    date (3.5.1)
    debug (1.11.1)
      irb (~> 1.10)
      reline (>= 0.3.8)
    erb (6.0.1)
    erubi (1.13.1)
    io-console (0.8.2)
    irb (1.17.0)
      pp (>= 0.6.0)
      prism (>= 1.3.0)
      rdoc (>= 4.0.0)
      reline (>= 0.4.2)
    json (2.18.0)
    language_server-protocol (3.17.0.5)
    lint_roller (1.1.0)
    logger (1.7.0)
    minitest (6.0.1)
      prism (~> 1.5)
    mocha (2.7.1)
      ruby2_keywords (>= 0.0.5)
    netrc (0.11.0)
    parallel (1.27.0)
    parser (3.3.8.0)
      ast (~> 2.4.1)
      racc
    power_assert (2.0.5)
    pp (0.6.3)
      prettyprint
    prettier_print (1.2.1)
    prettyprint (0.2.0)
    prism (1.9.0)
    psych (5.3.1)
      date
      stringio
    racc (1.8.1)
    rainbow (3.1.1)
    rake (13.3.1)
    rbi (0.3.9)
      prism (~> 1.0)
      rbs (>= 3.4.4)
    rbs (4.0.0.dev.5)
      logger
      prism (>= 1.3.0)
      tsort
    rdoc (7.2.0)
      erb
      psych (>= 4.0.0)
      tsort
    regexp_parser (2.10.0)
    reline (0.6.3)
      io-console (~> 0.5)
    require-hooks (0.2.3)
    rexml (3.4.4)
    rubocop (1.78.0)
      json (~> 2.3)
      language_server-protocol (~> 3.17.0.2)
      lint_roller (~> 1.1.0)
      parallel (~> 1.10)
      parser (>= 3.3.0.2)
      rainbow (>= 2.2.2, < 4.0)
      regexp_parser (>= 2.9.3, < 3.0)
      rubocop-ast (>= 1.45.1, < 2.0)
      ruby-progressbar (~> 1.7)
      unicode-display_width (>= 2.4.0, < 4.0)
    rubocop-ast (1.46.0)
      parser (>= 3.3.7.2)
      prism (~> 1.4)
    rubocop-minitest (0.38.1)
      lint_roller (~> 1.1)
      rubocop (>= 1.75.0, < 2.0)
      rubocop-ast (>= 1.38.0, < 2.0)
    rubocop-rake (0.7.1)
      lint_roller (~> 1.1)
      rubocop (>= 1.72.1)
    rubocop-shopify (2.17.1)
      rubocop (~> 1.62)
    rubocop-sorbet (0.8.7)
      rubocop (>= 1)
    ruby-progressbar (1.13.0)
    ruby2_keywords (0.0.5)
    sorbet (0.6.12913)
      sorbet-static (= 0.6.12913)
    sorbet-runtime (0.6.12913)
    sorbet-static (0.6.12913-universal-darwin)
    sorbet-static (0.6.12913-x86_64-linux)
    sorbet-static-and-runtime (0.6.12913)
      sorbet (= 0.6.12913)
      sorbet-runtime (= 0.6.12913)
    spoom (1.7.11)
      erubi (>= 1.10.0)
      prism (>= 0.28.0)
      rbi (>= 0.3.3)
      rbs (>= 4.0.0.dev.4)
      rexml (>= 3.2.6)
      sorbet-static-and-runtime (>= 0.5.10187)
      thor (>= 0.19.2)
    stringio (3.2.0)
    syntax_tree (6.3.0)
      prettier_print (>= 1.2.0)
    tapioca (0.17.10)
      benchmark
      bundler (>= 2.2.25)
      netrc (>= 0.11.0)
      parallel (>= 1.21.0)
      rbi (>= 0.3.7)
      require-hooks (>= 0.2.2)
      sorbet-static-and-runtime (>= 0.5.11087)
      spoom (>= 1.7.9)
      thor (>= 1.2.0)
      yard-sorbet
    test-unit (3.7.0)
      power_assert
    thor (1.5.0)
    tsort (0.2.0)
    unicode-display_width (3.1.4)
      unicode-emoji (~> 4.0, >= 4.0.4)
    unicode-emoji (4.2.0)
    yard (0.9.38)
    yard-sorbet (0.9.0)
      sorbet-runtime
      yard

PLATFORMS
  arm64-darwin
  x64-mingw-ucrt
  x86_64-darwin
  x86_64-linux

DEPENDENCIES
  bundler (~> 4.0.0)
  debug (~> 1.9)
  minitest (~> 6.0)
  mocha (~> 2.3)
  psych (~> 5.1)
  rake (~> 13.2)
  rubocop (~> 1.70)
  rubocop-minitest (~> 0.38)
  rubocop-rake (~> 0.7)
  rubocop-shopify (~> 2.16)
  rubocop-sorbet (~> 0.8)
  ruby-lsp!
  sorbet-static
  syntax_tree (>= 6.1.1, < 7)
  tapioca (~> 0.16)
  test-unit

CHECKSUMS
  ast (2.4.3) sha256=954615157c1d6a382bc27d690d973195e79db7f55e9765ac7c481c60bdb4d383
  benchmark (0.5.0) sha256=465df122341aedcb81a2a24b4d3bd19b6c67c1530713fd533f3ff034e419236c
  date (3.5.1) sha256=750d06384d7b9c15d562c76291407d89e368dda4d4fff957eb94962d325a0dc0
  debug (1.11.1) sha256=2e0b0ac6119f2207a6f8ac7d4a73ca8eb4e440f64da0a3136c30343146e952b6
  erb (6.0.1) sha256=28ecdd99c5472aebd5674d6061e3c6b0a45c049578b071e5a52c2a7f13c197e5
  erubi (1.13.1) sha256=a082103b0885dbc5ecf1172fede897f9ebdb745a4b97a5e8dc63953db1ee4ad9
  io-console (0.8.2) sha256=d6e3ae7a7cc7574f4b8893b4fca2162e57a825b223a177b7afa236c5ef9814cc
  irb (1.17.0) sha256=168c4ddb93d8a361a045c41d92b2952c7a118fa73f23fe14e55609eb7a863aae
  json (2.18.0) sha256=b10506aee4183f5cf49e0efc48073d7b75843ce3782c68dbeb763351c08fd505
  language_server-protocol (3.17.0.5) sha256=fd1e39a51a28bf3eec959379985a72e296e9f9acfce46f6a79d31ca8760803cc
  lint_roller (1.1.0) sha256=2c0c845b632a7d172cb849cc90c1bce937a28c5c8ccccb50dfd46a485003cc87
  logger (1.7.0) sha256=196edec7cc44b66cfb40f9755ce11b392f21f7967696af15d274dde7edff0203
  minitest (6.0.1) sha256=7854c74f48e2e975969062833adc4013f249a4b212f5e7b9d5c040bf838d54bb
  mocha (2.7.1) sha256=8f7d538d5d3ebc75fc788b3d92fbab913a93a78462d2a3ce99d1bdde7af7f851
  netrc (0.11.0) sha256=de1ce33da8c99ab1d97871726cba75151113f117146becbe45aa85cb3dabee3f
  parallel (1.27.0) sha256=4ac151e1806b755fb4e2dc2332cbf0e54f2e24ba821ff2d3dcf86bf6dc4ae130
  parser (3.3.8.0) sha256=2476364142b307fa5a1b1ece44f260728be23858a9c71078e956131a75453c45
  power_assert (2.0.5) sha256=63b511b85bb8ea57336d25156864498644f5bbf028699ceda27949e0125bc323
  pp (0.6.3) sha256=2951d514450b93ccfeb1df7d021cae0da16e0a7f95ee1e2273719669d0ab9df6
  prettier_print (1.2.1) sha256=a72838b5f23facff21f90a5423cdcdda19e4271092b41f4ea7f50b83929e6ff9
  prettyprint (0.2.0) sha256=2bc9e15581a94742064a3cc8b0fb9d45aae3d03a1baa6ef80922627a0766f193
  prism (1.9.0) sha256=7b530c6a9f92c24300014919c9dcbc055bf4cdf51ec30aed099b06cd6674ef85
  psych (5.3.1) sha256=eb7a57cef10c9d70173ff74e739d843ac3b2c019a003de48447b2963d81b1974
  racc (1.8.1) sha256=4a7f6929691dbec8b5209a0b373bc2614882b55fc5d2e447a21aaa691303d62f
  rainbow (3.1.1) sha256=039491aa3a89f42efa1d6dec2fc4e62ede96eb6acd95e52f1ad581182b79bc6a
  rake (13.3.1) sha256=8c9e89d09f66a26a01264e7e3480ec0607f0c497a861ef16063604b1b08eb19c
  rbi (0.3.9) sha256=d6a187bd0b376e999d3d82a5e5798a61178be98b894b7b35741c14162c9ea015
  rbs (4.0.0.dev.5) sha256=273938e5a9c7f06b041be583588f2aa1976149bda2ce213e33e129c51534e174
  rdoc (7.2.0) sha256=8650f76cd4009c3b54955eb5d7e3a075c60a57276766ebf36f9085e8c9f23192
  regexp_parser (2.10.0) sha256=cb6f0ddde88772cd64bff1dbbf68df66d376043fe2e66a9ef77fcb1b0c548c61
  reline (0.6.3) sha256=1198b04973565b36ec0f11542ab3f5cfeeec34823f4e54cebde90968092b1835
  require-hooks (0.2.3) sha256=224be5b4be0fd2a47cb73286c500da366704a54ec195b6627366380c950efac8
  rexml (3.4.4) sha256=19e0a2c3425dfbf2d4fc1189747bdb2f849b6c5e74180401b15734bc97b5d142
  rubocop (1.78.0) sha256=8b74a6f912eb4fd3e6878851f7f7f45dcad8c7185c34250d4f952b0ee80d6bc0
  rubocop-ast (1.46.0) sha256=0da7f6ad5b98614f89b74f11873c191059c823eae07d6ffd40a42a3338f2232b
  rubocop-minitest (0.38.1) sha256=f997aa8043d45b1556b818f5dec872ad03c1ab97cd3fb721b0c2aef02dbf7a81
  rubocop-rake (0.7.1) sha256=3797f2b6810c3e9df7376c26d5f44f3475eda59eb1adc38e6f62ecf027cbae4d
  rubocop-shopify (2.17.1) sha256=03850eb1a9c4d1f9f0ac1d8d5aa51bb47a149e532cfb5e8d02ac6a90c8800a5f
  rubocop-sorbet (0.8.7) sha256=670b7478425543e808558c5aa9acafeb5c9137af9ac8d3541b69d3d18ea4726b
  ruby-lsp (0.26.7)
  ruby-progressbar (1.13.0) sha256=80fc9c47a9b640d6834e0dc7b3c94c9df37f08cb072b7761e4a71e22cff29b33
  ruby2_keywords (0.0.5) sha256=ffd13740c573b7301cf7a2e61fc857b2a8e3d3aff32545d6f8300d8bae10e3ef
  sorbet (0.6.12913) sha256=259e28215af2b80bf530d3b6af1c509ddadcdef6fa34417a9afd315f76d4eaf4
  sorbet-runtime (0.6.12913) sha256=b07b29c4070e7729fcda55f42ca2cf76ed369537be6680b36208e66c17934ff1
  sorbet-static (0.6.12913-universal-darwin) sha256=bc064e1930f3736d7f7ded8ff7631c43d8d66681540be7103e1a3faaa08cc10f
  sorbet-static (0.6.12913-x86_64-linux) sha256=8c9db957392b706e85c2e597ede567e64d46859dd6ae3ef9901e3894e971a49c
  sorbet-static-and-runtime (0.6.12913) sha256=63b3c66aa107b4b1aea689b23690ad4d8b1a7b29f6cfcd16222fa1c436c555c9
  spoom (1.7.11) sha256=4e27384af6d3fde5aadc0287c51e6f76c0802259cbb3b6a67603bf718352f4cf
  stringio (3.2.0) sha256=c37cb2e58b4ffbd33fe5cd948c05934af997b36e0b6ca6fdf43afa234cf222e1
  syntax_tree (6.3.0) sha256=56e25a9692c798ec94c5442fe94c5e94af76bef91edc8bb02052cbdecf35f13d
  tapioca (0.17.10) sha256=880a682ca8314f798dd09e9f104134fbf1a713c13be51f7dd4741dd434e6471b
  test-unit (3.7.0) sha256=2b5745498c848768e1774acb63e3806d3bb47e2943bd91cc9bf559b4c6d4faa1
  thor (1.5.0) sha256=e3a9e55fe857e44859ce104a84675ab6e8cd59c650a49106a05f55f136425e73
  tsort (0.2.0) sha256=9650a793f6859a43b6641671278f79cfead60ac714148aabe4e3f0060480089f
  unicode-display_width (3.1.4) sha256=8caf2af1c0f2f07ec89ef9e18c7d88c2790e217c482bfc78aaa65eadd5415ac1
  unicode-emoji (4.2.0) sha256=519e69150f75652e40bf736106cfbc8f0f73aa3fb6a65afe62fefa7f80b0f80f
  yard (0.9.38) sha256=721fb82afb10532aa49860655f6cc2eaa7130889df291b052e1e6b268283010f
  yard-sorbet (0.9.0) sha256=03d1aa461b9e9c82b886919a13aa3e09fcf4d1852239d2967ed97e92723ffe21

BUNDLED WITH
  4.0.3
