# THIS IS AN AUTOGENERATED FILE. DO NOT EDIT THIS FILE DIRECTLY.
# yarn lockfile v1


"@cspell/cspell-bundled-dicts@8.14.4":
  version "8.14.4"
  resolved "https://registry.yarnpkg.com/@cspell/cspell-bundled-dicts/-/cspell-bundled-dicts-8.14.4.tgz#61e116fb3c505d4ebf2f842f24ea1e39bc47d469"
  integrity sha512-JHZOpCJzN6fPBapBOvoeMxZbr0ZA11ZAkwcqM4w0lKoacbi6TwK8GIYf66hHvwLmMeav75TNXWE6aPTvBLMMqA==
  dependencies:
    "@cspell/dict-ada" "^4.0.2"
    "@cspell/dict-aws" "^4.0.4"
    "@cspell/dict-bash" "^4.1.4"
    "@cspell/dict-companies" "^3.1.4"
    "@cspell/dict-cpp" "^5.1.16"
    "@cspell/dict-cryptocurrencies" "^5.0.0"
    "@cspell/dict-csharp" "^4.0.2"
    "@cspell/dict-css" "^4.0.13"
    "@cspell/dict-dart" "^2.2.1"
    "@cspell/dict-django" "^4.1.0"
    "@cspell/dict-docker" "^1.1.7"
    "@cspell/dict-dotnet" "^5.0.5"
    "@cspell/dict-elixir" "^4.0.3"
    "@cspell/dict-en-common-misspellings" "^2.0.4"
    "@cspell/dict-en-gb" "1.1.33"
    "@cspell/dict-en_us" "^4.3.23"
    "@cspell/dict-filetypes" "^3.0.4"
    "@cspell/dict-flutter" "^1.0.0"
    "@cspell/dict-fonts" "^4.0.0"
    "@cspell/dict-fsharp" "^1.0.1"
    "@cspell/dict-fullstack" "^3.2.0"
    "@cspell/dict-gaming-terms" "^1.0.5"
    "@cspell/dict-git" "^3.0.0"
    "@cspell/dict-golang" "^6.0.12"
    "@cspell/dict-google" "^1.0.1"
    "@cspell/dict-haskell" "^4.0.1"
    "@cspell/dict-html" "^4.0.5"
    "@cspell/dict-html-symbol-entities" "^4.0.0"
    "@cspell/dict-java" "^5.0.7"
    "@cspell/dict-julia" "^1.0.1"
    "@cspell/dict-k8s" "^1.0.6"
    "@cspell/dict-latex" "^4.0.0"
    "@cspell/dict-lorem-ipsum" "^4.0.0"
    "@cspell/dict-lua" "^4.0.3"
    "@cspell/dict-makefile" "^1.0.0"
    "@cspell/dict-monkeyc" "^1.0.6"
    "@cspell/dict-node" "^5.0.1"
    "@cspell/dict-npm" "^5.1.4"
    "@cspell/dict-php" "^4.0.10"
    "@cspell/dict-powershell" "^5.0.8"
    "@cspell/dict-public-licenses" "^2.0.8"
    "@cspell/dict-python" "^4.2.6"
    "@cspell/dict-r" "^2.0.1"
    "@cspell/dict-ruby" "^5.0.3"
    "@cspell/dict-rust" "^4.0.5"
    "@cspell/dict-scala" "^5.0.3"
    "@cspell/dict-software-terms" "^4.1.3"
    "@cspell/dict-sql" "^2.1.5"
    "@cspell/dict-svelte" "^1.0.2"
    "@cspell/dict-swift" "^2.0.1"
    "@cspell/dict-terraform" "^1.0.1"
    "@cspell/dict-typescript" "^3.1.6"
    "@cspell/dict-vue" "^3.0.0"

"@cspell/cspell-json-reporter@8.14.4":
  version "8.14.4"
  resolved "https://registry.yarnpkg.com/@cspell/cspell-json-reporter/-/cspell-json-reporter-8.14.4.tgz#4646c1963b9b02fea3faae3c5ee04fb6dda8548e"
  integrity sha512-gJ6tQbGCNLyHS2iIimMg77as5MMAFv3sxU7W6tjLlZp8htiNZS7fS976g24WbT/hscsTT9Dd0sNHkpo8K3nvVw==
  dependencies:
    "@cspell/cspell-types" "8.14.4"

"@cspell/cspell-pipe@8.14.4":
  version "8.14.4"
  resolved "https://registry.yarnpkg.com/@cspell/cspell-pipe/-/cspell-pipe-8.14.4.tgz#5e81509d7c2763ac0e8c09b7989fe95e36fe0a05"
  integrity sha512-CLLdouqfrQ4rqdQdPu0Oo+HHCU/oLYoEsK1nNPb28cZTFxnn0cuSPKB6AMPBJmMwdfJ6fMD0BCKNbEe1UNLHcw==

"@cspell/cspell-resolver@8.14.4":
  version "8.14.4"
  resolved "https://registry.yarnpkg.com/@cspell/cspell-resolver/-/cspell-resolver-8.14.4.tgz#839258970996c8262b290f6e8fbbac27d43fb0b8"
  integrity sha512-s3uZyymJ04yn8+zlTp7Pt1WRSlAel6XVo+iZRxls3LSvIP819KK64DoyjCD2Uon0Vg9P/K7aAPt8GcxDcnJtgA==
  dependencies:
    global-directory "^4.0.1"

"@cspell/cspell-service-bus@8.14.4":
  version "8.14.4"
  resolved "https://registry.yarnpkg.com/@cspell/cspell-service-bus/-/cspell-service-bus-8.14.4.tgz#3c081578c7a369e4a737311e8ee31e709a48abb8"
  integrity sha512-i3UG+ep63akNsDXZrtGgICNF3MLBHtvKe/VOIH6+L+NYaAaVHqqQvOY9MdUwt1HXh8ElzfwfoRp36wc5aAvt6g==

"@cspell/cspell-types@8.14.4":
  version "8.14.4"
  resolved "https://registry.yarnpkg.com/@cspell/cspell-types/-/cspell-types-8.14.4.tgz#93ceff0bcefe75c259ae3475961f580f3de36e79"
  integrity sha512-VXwikqdHgjOVperVVCn2DOe8W3rPIswwZtMHfRYnagpzZo/TOntIjkXPJSfTtl/cFyx5DnCBsDH8ytKGlMeHkw==

"@cspell/dict-ada@^4.0.2":
  version "4.0.2"
  resolved "https://registry.yarnpkg.com/@cspell/dict-ada/-/dict-ada-4.0.2.tgz#8da2216660aeb831a0d9055399a364a01db5805a"
  integrity sha512-0kENOWQeHjUlfyId/aCM/mKXtkEgV0Zu2RhUXCBr4hHo9F9vph+Uu8Ww2b0i5a4ZixoIkudGA+eJvyxrG1jUpA==

"@cspell/dict-aws@^4.0.4":
  version "4.0.4"
  resolved "https://registry.yarnpkg.com/@cspell/dict-aws/-/dict-aws-4.0.4.tgz#638a38df18c93d5cb74607b24ab4e1498825d565"
  integrity sha512-6AWI/Kkf+RcX/J81VX8+GKLeTgHWEr/OMhGk3dHQzWK66RaqDJCGDqi7494ghZKcBB7dGa3U5jcKw2FZHL/u3w==

"@cspell/dict-bash@^4.1.4":
  version "4.1.4"
  resolved "https://registry.yarnpkg.com/@cspell/dict-bash/-/dict-bash-4.1.4.tgz#a7942df189d3cc5ebced5b877d64ddbb24301137"
  integrity sha512-W/AHoQcJYn3Vn/tUiXX2+6D/bhfzdDshwcbQWv9TdiNlXP9P6UJjDKWbxyA5ogJCsR2D0X9Kx11oV8E58siGKQ==

"@cspell/dict-companies@^3.1.4":
  version "3.1.4"
  resolved "https://registry.yarnpkg.com/@cspell/dict-companies/-/dict-companies-3.1.4.tgz#2e7094416432b8547ec335683f5aac9a49dce47e"
  integrity sha512-y9e0amzEK36EiiKx3VAA+SHQJPpf2Qv5cCt5eTUSggpTkiFkCh6gRKQ97rVlrKh5GJrqinDwYIJtTsxuh2vy2Q==

"@cspell/dict-cpp@^5.1.16":
  version "5.1.16"
  resolved "https://registry.yarnpkg.com/@cspell/dict-cpp/-/dict-cpp-5.1.16.tgz#e6557d5b916ebff02045b60f7016749e085921b0"
  integrity sha512-32fU5RkuOM55IRcxjByiSoKbjr+C4danDfYjHaQNRWdvjzJzci3fLDGA2wTXiclkgDODxGiV8LCTUwCz+3TNWA==

"@cspell/dict-cryptocurrencies@^5.0.0":
  version "5.0.0"
  resolved "https://registry.yarnpkg.com/@cspell/dict-cryptocurrencies/-/dict-cryptocurrencies-5.0.0.tgz#19fbc7bdbec76ce64daf7d53a6d0f3cfff7d0038"
  integrity sha512-Z4ARIw5+bvmShL+4ZrhDzGhnc9znaAGHOEMaB/GURdS/jdoreEDY34wdN0NtdLHDO5KO7GduZnZyqGdRoiSmYA==

"@cspell/dict-csharp@^4.0.2":
  version "4.0.2"
  resolved "https://registry.yarnpkg.com/@cspell/dict-csharp/-/dict-csharp-4.0.2.tgz#e55659dbe594e744d86b1baf0f3397fe57b1e283"
  integrity sha512-1JMofhLK+4p4KairF75D3A924m5ERMgd1GvzhwK2geuYgd2ZKuGW72gvXpIV7aGf52E3Uu1kDXxxGAiZ5uVG7g==

"@cspell/dict-css@^4.0.13":
  version "4.0.13"
  resolved "https://registry.yarnpkg.com/@cspell/dict-css/-/dict-css-4.0.13.tgz#b95310ba67694d25bcb055786dde65e091621d14"
  integrity sha512-WfOQkqlAJTo8eIQeztaH0N0P+iF5hsJVKFuhy4jmARPISy8Efcv8QXk2/IVbmjJH0/ZV7dKRdnY5JFVXuVz37g==

"@cspell/dict-dart@^2.2.1":
  version "2.2.1"
  resolved "https://registry.yarnpkg.com/@cspell/dict-dart/-/dict-dart-2.2.1.tgz#d5ef7632240cb19c8892e66ba5ed1089ab8e46a3"
  integrity sha512-yriKm7QkoPx3JPSSOcw6iX9gOb2N50bOo/wqWviqPYbhpMRh9Xiv6dkUy3+ot+21GuShZazO8X6U5+Vw67XEwg==

"@cspell/dict-data-science@^2.0.1":
  version "2.0.1"
  resolved "https://registry.yarnpkg.com/@cspell/dict-data-science/-/dict-data-science-2.0.1.tgz#ef8040821567786d76c6153ac3e4bc265ca65b59"
  integrity sha512-xeutkzK0eBe+LFXOFU2kJeAYO6IuFUc1g7iRLr7HeCmlC4rsdGclwGHh61KmttL3+YHQytYStxaRBdGAXWC8Lw==

"@cspell/dict-django@^4.1.0":
  version "4.1.0"
  resolved "https://registry.yarnpkg.com/@cspell/dict-django/-/dict-django-4.1.0.tgz#2d4b765daf3c83e733ef3e06887ea34403a4de7a"
  integrity sha512-bKJ4gPyrf+1c78Z0Oc4trEB9MuhcB+Yg+uTTWsvhY6O2ncFYbB/LbEZfqhfmmuK/XJJixXfI1laF2zicyf+l0w==

"@cspell/dict-docker@^1.1.7":
  version "1.1.7"
  resolved "https://registry.yarnpkg.com/@cspell/dict-docker/-/dict-docker-1.1.7.tgz#bcf933283fbdfef19c71a642e7e8c38baf9014f2"
  integrity sha512-XlXHAr822euV36GGsl2J1CkBIVg3fZ6879ZOg5dxTIssuhUOCiV2BuzKZmt6aIFmcdPmR14+9i9Xq+3zuxeX0A==

"@cspell/dict-dotnet@^5.0.5":
  version "5.0.5"
  resolved "https://registry.yarnpkg.com/@cspell/dict-dotnet/-/dict-dotnet-5.0.5.tgz#0f614ef6fa052e7598a6fe20770a1e5bb19f0de1"
  integrity sha512-gjg0L97ee146wX47dnA698cHm85e7EOpf9mVrJD8DmEaqoo/k1oPy2g7c7LgKxK9XnqwoXxhLNnngPrwXOoEtQ==

"@cspell/dict-elixir@^4.0.3":
  version "4.0.3"
  resolved "https://registry.yarnpkg.com/@cspell/dict-elixir/-/dict-elixir-4.0.3.tgz#57c25843e46cf3463f97da72d9ef8e37c818296f"
  integrity sha512-g+uKLWvOp9IEZvrIvBPTr/oaO6619uH/wyqypqvwpmnmpjcfi8+/hqZH8YNKt15oviK8k4CkINIqNhyndG9d9Q==

"@cspell/dict-en-common-misspellings@^2.0.4":
  version "2.0.4"
  resolved "https://registry.yarnpkg.com/@cspell/dict-en-common-misspellings/-/dict-en-common-misspellings-2.0.4.tgz#725c5b2c83faff71fcd2183dd04a154c78eed674"
  integrity sha512-lvOiRjV/FG4pAGZL3PN2GCVHSTCE92cwhfLGGkOsQtxSmef6WCHfHwp9auafkBlX0yFQSKDfq6/TlpQbjbJBtQ==

"@cspell/dict-en-gb@1.1.33":
  version "1.1.33"
  resolved "https://registry.yarnpkg.com/@cspell/dict-en-gb/-/dict-en-gb-1.1.33.tgz#7f1fd90fc364a5cb77111b5438fc9fcf9cc6da0e"
  integrity sha512-tKSSUf9BJEV+GJQAYGw5e+ouhEe2ZXE620S7BLKe3ZmpnjlNG9JqlnaBhkIMxKnNFkLY2BP/EARzw31AZnOv4g==

"@cspell/dict-en_us@^4.3.23":
  version "4.3.23"
  resolved "https://registry.yarnpkg.com/@cspell/dict-en_us/-/dict-en_us-4.3.23.tgz#3362b75a5051405816728ea1bb5ce997582ed383"
  integrity sha512-l0SoEQBsi3zDSl3OuL4/apBkxjuj4hLIg/oy6+gZ7LWh03rKdF6VNtSZNXWAmMY+pmb1cGA3ouleTiJIglbsIg==

"@cspell/dict-filetypes@^3.0.4":
  version "3.0.4"
  resolved "https://registry.yarnpkg.com/@cspell/dict-filetypes/-/dict-filetypes-3.0.4.tgz#aca71c7bb8c8805b54f382d98ded5ec75ebc1e36"
  integrity sha512-IBi8eIVdykoGgIv5wQhOURi5lmCNJq0we6DvqKoPQJHthXbgsuO1qrHSiUVydMiQl/XvcnUWTMeAlVUlUClnVg==

"@cspell/dict-flutter@^1.0.0":
  version "1.0.0"
  resolved "https://registry.yarnpkg.com/@cspell/dict-flutter/-/dict-flutter-1.0.0.tgz#9179aeb5e7544c061ffa3e5080a4c015f88efee3"
  integrity sha512-W7k1VIc4KeV8BjEBxpA3cqpzbDWjfb7oXkEb0LecBCBp5Z7kcfnjT1YVotTx/U9PGyAOBhDaEdgZACVGNQhayw==

"@cspell/dict-fonts@^4.0.0":
  version "4.0.0"
  resolved "https://registry.yarnpkg.com/@cspell/dict-fonts/-/dict-fonts-4.0.0.tgz#9bc8beb2a7b068b4fdb45cb994b36fd184316327"
  integrity sha512-t9V4GeN/m517UZn63kZPUYP3OQg5f0OBLSd3Md5CU3eH1IFogSvTzHHnz4Wqqbv8NNRiBZ3HfdY/pqREZ6br3Q==

"@cspell/dict-fsharp@^1.0.1":
  version "1.0.1"
  resolved "https://registry.yarnpkg.com/@cspell/dict-fsharp/-/dict-fsharp-1.0.1.tgz#d62c699550a39174f182f23c8c1330a795ab5f53"
  integrity sha512-23xyPcD+j+NnqOjRHgW3IU7Li912SX9wmeefcY0QxukbAxJ/vAN4rBpjSwwYZeQPAn3fxdfdNZs03fg+UM+4yQ==

"@cspell/dict-fullstack@^3.2.0":
  version "3.2.0"
  resolved "https://registry.yarnpkg.com/@cspell/dict-fullstack/-/dict-fullstack-3.2.0.tgz#16dd2bd3f03166c8f48600ef032ae1ce184c7b8e"
  integrity sha512-sIGQwU6G3rLTo+nx0GKyirR5dQSFeTIzFTOrURw51ISf+jKG9a3OmvsVtc2OANfvEAOLOC9Wfd8WYhmsO8KRDQ==

"@cspell/dict-gaming-terms@^1.0.5":
  version "1.0.5"
  resolved "https://registry.yarnpkg.com/@cspell/dict-gaming-terms/-/dict-gaming-terms-1.0.5.tgz#d6ca40eb34a4c99847fd58a7354cd2c651065156"
  integrity sha512-C3riccZDD3d9caJQQs1+MPfrUrQ+0KHdlj9iUR1QD92FgTOF6UxoBpvHUUZ9YSezslcmpFQK4xQQ5FUGS7uWfw==

"@cspell/dict-git@^3.0.0":
  version "3.0.0"
  resolved "https://registry.yarnpkg.com/@cspell/dict-git/-/dict-git-3.0.0.tgz#c275af86041a2b59a7facce37525e2af05653b95"
  integrity sha512-simGS/lIiXbEaqJu9E2VPoYW1OTC2xrwPPXNXFMa2uo/50av56qOuaxDrZ5eH1LidFXwoc8HROCHYeKoNrDLSw==

"@cspell/dict-golang@^6.0.12":
  version "6.0.12"
  resolved "https://registry.yarnpkg.com/@cspell/dict-golang/-/dict-golang-6.0.12.tgz#a9d4c53edfec34d06a226a9af6af0df899bd720f"
  integrity sha512-LEPeoqd+4O+vceHF73S7D7+LYfrAjOvp4Dqzh4MT30ruzlQ77yHRSuYOJtrFN1GK5ntAt/ILSVOKg9sgsz1Llg==

"@cspell/dict-google@^1.0.1":
  version "1.0.1"
  resolved "https://registry.yarnpkg.com/@cspell/dict-google/-/dict-google-1.0.1.tgz#34701471a616011aeaaf480d4834436b6b6b1da5"
  integrity sha512-dQr4M3n95uOhtloNSgB9tYYGXGGEGEykkFyRtfcp5pFuEecYUa0BSgtlGKx9RXVtJtKgR+yFT/a5uQSlt8WjqQ==

"@cspell/dict-haskell@^4.0.1":
  version "4.0.1"
  resolved "https://registry.yarnpkg.com/@cspell/dict-haskell/-/dict-haskell-4.0.1.tgz#e9fca7c452411ff11926e23ffed2b50bb9b95e47"
  integrity sha512-uRrl65mGrOmwT7NxspB4xKXFUenNC7IikmpRZW8Uzqbqcu7ZRCUfstuVH7T1rmjRgRkjcIjE4PC11luDou4wEQ==

"@cspell/dict-html-symbol-entities@^4.0.0":
  version "4.0.0"
  resolved "https://registry.yarnpkg.com/@cspell/dict-html-symbol-entities/-/dict-html-symbol-entities-4.0.0.tgz#4d86ac18a4a11fdb61dfb6f5929acd768a52564f"
  integrity sha512-HGRu+48ErJjoweR5IbcixxETRewrBb0uxQBd6xFGcxbEYCX8CnQFTAmKI5xNaIt2PKaZiJH3ijodGSqbKdsxhw==

"@cspell/dict-html@^4.0.5":
  version "4.0.6"
  resolved "https://registry.yarnpkg.com/@cspell/dict-html/-/dict-html-4.0.6.tgz#54a753e4ea97636bbbe6b4d301744fbaac434105"
  integrity sha512-cLWHfuOhE4wqwC12up6Doxo2u1xxVhX1A8zriR4CUD+osFQzUIcBK1ykNXppga+rt1WyypaJdTU2eV6OpzYrgQ==

"@cspell/dict-java@^5.0.7":
  version "5.0.7"
  resolved "https://registry.yarnpkg.com/@cspell/dict-java/-/dict-java-5.0.7.tgz#c0b32d3c208b6419a5eddd010e87196976be2694"
  integrity sha512-ejQ9iJXYIq7R09BScU2y5OUGrSqwcD+J5mHFOKbduuQ5s/Eh/duz45KOzykeMLI6KHPVxhBKpUPBWIsfewECpQ==

"@cspell/dict-julia@^1.0.1":
  version "1.0.1"
  resolved "https://registry.yarnpkg.com/@cspell/dict-julia/-/dict-julia-1.0.1.tgz#900001417f1c4ea689530adfcc034c848458a0aa"
  integrity sha512-4JsCLCRhhLMLiaHpmR7zHFjj1qOauzDI5ZzCNQS31TUMfsOo26jAKDfo0jljFAKgw5M2fEG7sKr8IlPpQAYrmQ==

"@cspell/dict-k8s@^1.0.6":
  version "1.0.6"
  resolved "https://registry.yarnpkg.com/@cspell/dict-k8s/-/dict-k8s-1.0.6.tgz#d46c97136f1504b65dfb6a188005d4ac81d3f461"
  integrity sha512-srhVDtwrd799uxMpsPOQqeDJY+gEocgZpoK06EFrb4GRYGhv7lXo9Fb+xQMyQytzOW9dw4DNOEck++nacDuymg==

"@cspell/dict-latex@^4.0.0":
  version "4.0.0"
  resolved "https://registry.yarnpkg.com/@cspell/dict-latex/-/dict-latex-4.0.0.tgz#85054903db834ea867174795d162e2a8f0e9c51e"
  integrity sha512-LPY4y6D5oI7D3d+5JMJHK/wxYTQa2lJMSNxps2JtuF8hbAnBQb3igoWEjEbIbRRH1XBM0X8dQqemnjQNCiAtxQ==

"@cspell/dict-lorem-ipsum@^4.0.0":
  version "4.0.0"
  resolved "https://registry.yarnpkg.com/@cspell/dict-lorem-ipsum/-/dict-lorem-ipsum-4.0.0.tgz#2793a5dbfde474a546b0caecc40c38fdf076306e"
  integrity sha512-1l3yjfNvMzZPibW8A7mQU4kTozwVZVw0AvFEdy+NcqtbxH+TvbSkNMqROOFWrkD2PjnKG0+Ea0tHI2Pi6Gchnw==

"@cspell/dict-lua@^4.0.3":
  version "4.0.3"
  resolved "https://registry.yarnpkg.com/@cspell/dict-lua/-/dict-lua-4.0.3.tgz#2d23c8f7e74b4e62000678d80e7d1ebb10b003e0"
  integrity sha512-lDHKjsrrbqPaea13+G9s0rtXjMO06gPXPYRjRYawbNmo4E/e3XFfVzeci3OQDQNDmf2cPOwt9Ef5lu2lDmwfJg==

"@cspell/dict-makefile@^1.0.0":
  version "1.0.0"
  resolved "https://registry.yarnpkg.com/@cspell/dict-makefile/-/dict-makefile-1.0.0.tgz#5afb2910873ebbc01ab8d9c38661c4c93d0e5a40"
  integrity sha512-3W9tHPcSbJa6s0bcqWo6VisEDTSN5zOtDbnPabF7rbyjRpNo0uHXHRJQF8gAbFzoTzBBhgkTmrfSiuyQm7vBUQ==

"@cspell/dict-monkeyc@^1.0.6":
  version "1.0.6"
  resolved "https://registry.yarnpkg.com/@cspell/dict-monkeyc/-/dict-monkeyc-1.0.6.tgz#042d042fc34a20194c8de032130808f44b241375"
  integrity sha512-oO8ZDu/FtZ55aq9Mb67HtaCnsLn59xvhO/t2mLLTHAp667hJFxpp7bCtr2zOrR1NELzFXmKln/2lw/PvxMSvrA==

"@cspell/dict-node@^5.0.1":
  version "5.0.1"
  resolved "https://registry.yarnpkg.com/@cspell/dict-node/-/dict-node-5.0.1.tgz#77e17c576a897a3391fce01c1cc5da60bb4c2268"
  integrity sha512-lax/jGz9h3Dv83v8LHa5G0bf6wm8YVRMzbjJPG/9rp7cAGPtdrga+XANFq+B7bY5+jiSA3zvj10LUFCFjnnCCg==

"@cspell/dict-npm@^5.1.4":
  version "5.1.5"
  resolved "https://registry.yarnpkg.com/@cspell/dict-npm/-/dict-npm-5.1.5.tgz#f3a7317988052494f776a6b60e3bffb3f063a006"
  integrity sha512-oAOGWuJYU3DlO+cAsStKMWN8YEkBue25cRC9EwdiL5Z84nchU20UIoYrLfIQejMlZca+1GyrNeyxRAgn4KiivA==

"@cspell/dict-php@^4.0.10":
  version "4.0.10"
  resolved "https://registry.yarnpkg.com/@cspell/dict-php/-/dict-php-4.0.10.tgz#e2ad4d3e30ec009824d9663a795f6281ae39caaf"
  integrity sha512-NfTZdp6kcZDF1PvgQ6cY0zE4FUO5rSwNmBH/iwCBuaLfJAFQ97rgjxo+D2bic4CFwNjyHutnHPtjJBRANO5XQw==

"@cspell/dict-powershell@^5.0.8":
  version "5.0.9"
  resolved "https://registry.yarnpkg.com/@cspell/dict-powershell/-/dict-powershell-5.0.9.tgz#124212c8ae616356a9119e8010723fb5ac85e317"
  integrity sha512-Vi0h0rlxS39tgTyUtxI6L3BPHH7MLPkLWCYkNfb/buQuNJYNFdHiF4bqoqVdJ/7ZrfIfNg4i6rzocnwGRn2ruw==

"@cspell/dict-public-licenses@^2.0.8":
  version "2.0.8"
  resolved "https://registry.yarnpkg.com/@cspell/dict-public-licenses/-/dict-public-licenses-2.0.8.tgz#ed8c3b5b22f28129cf3517821740599f05733b68"
  integrity sha512-Sup+tFS7cDV0fgpoKtUqEZ6+fA/H+XUgBiqQ/Fbs6vUE3WCjJHOIVsP+udHuyMH7iBfJ4UFYOYeORcY4EaKdMg==

"@cspell/dict-python@^4.2.6":
  version "4.2.6"
  resolved "https://registry.yarnpkg.com/@cspell/dict-python/-/dict-python-4.2.6.tgz#fce9950d59c6707442af04701d4ed7c7be333901"
  integrity sha512-Hkz399qDGEbfXi9GYa2hDl7GahglI86JmS2F1KP8sfjLXofUgtnknyC5NWc86nzHcP38pZiPqPbTigyDYw5y8A==
  dependencies:
    "@cspell/dict-data-science" "^2.0.1"

"@cspell/dict-r@^2.0.1":
  version "2.0.1"
  resolved "https://registry.yarnpkg.com/@cspell/dict-r/-/dict-r-2.0.1.tgz#73474fb7cce45deb9094ebf61083fbf5913f440a"
  integrity sha512-KCmKaeYMLm2Ip79mlYPc8p+B2uzwBp4KMkzeLd5E6jUlCL93Y5Nvq68wV5fRLDRTf7N1LvofkVFWfDcednFOgA==

"@cspell/dict-ruby@^5.0.3":
  version "5.0.3"
  resolved "https://registry.yarnpkg.com/@cspell/dict-ruby/-/dict-ruby-5.0.3.tgz#614e9a3d4dcd720e750c037b9dfb6001da8b25e0"
  integrity sha512-V1xzv9hN6u8r6SM4CkYdsxs4ov8gjXXo0Twfx5kWhLXbEVxTXDMt7ohLTqpy2XlF5mutixZdbHMeFiAww8v+Ug==

"@cspell/dict-rust@^4.0.5":
  version "4.0.5"
  resolved "https://registry.yarnpkg.com/@cspell/dict-rust/-/dict-rust-4.0.5.tgz#41f3e26fdd3d121c3a24c122d4a703abbb48c4c3"
  integrity sha512-DIvlPRDemjKQy8rCqftAgGNZxY5Bg+Ps7qAIJjxkSjmMETyDgl0KTVuaJPt7EK4jJt6uCZ4ILy96npsHDPwoXA==

"@cspell/dict-scala@^5.0.3":
  version "5.0.3"
  resolved "https://registry.yarnpkg.com/@cspell/dict-scala/-/dict-scala-5.0.3.tgz#85a469b2d139766b6307befc89243928e3d82b39"
  integrity sha512-4yGb4AInT99rqprxVNT9TYb1YSpq58Owzq7zi3ZS5T0u899Y4VsxsBiOgHnQ/4W+ygi+sp+oqef8w8nABR2lkg==

"@cspell/dict-software-terms@^4.1.3":
  version "4.1.4"
  resolved "https://registry.yarnpkg.com/@cspell/dict-software-terms/-/dict-software-terms-4.1.4.tgz#9b0da3e0674230d757e82ef67171db0764e17a16"
  integrity sha512-AHS25sYEzWze/aFglp9ODKSu+phjkuGx+OLwIcmOnvyn8axtSq5GCn9UqS4XG1/Qn0UG2Lgb4i5PJbZ0QNPNXQ==

"@cspell/dict-sql@^2.1.5":
  version "2.1.5"
  resolved "https://registry.yarnpkg.com/@cspell/dict-sql/-/dict-sql-2.1.5.tgz#068c7a8840d75418fd46a0b062c0ed2d5742f2b8"
  integrity sha512-FmxanytHXss7GAWAXmgaxl3icTCW7YxlimyOSPNfm+njqeUDjw3kEv4mFNDDObBJv8Ec5AWCbUDkWIpkE3IpKg==

"@cspell/dict-svelte@^1.0.2":
  version "1.0.2"
  resolved "https://registry.yarnpkg.com/@cspell/dict-svelte/-/dict-svelte-1.0.2.tgz#0c866b08a7a6b33bbc1a3bdbe6a1b484ca15cdaa"
  integrity sha512-rPJmnn/GsDs0btNvrRBciOhngKV98yZ9SHmg8qI6HLS8hZKvcXc0LMsf9LLuMK1TmS2+WQFAan6qeqg6bBxL2Q==

"@cspell/dict-swift@^2.0.1":
  version "2.0.1"
  resolved "https://registry.yarnpkg.com/@cspell/dict-swift/-/dict-swift-2.0.1.tgz#06ec86e52e9630c441d3c19605657457e33d7bb6"
  integrity sha512-gxrCMUOndOk7xZFmXNtkCEeroZRnS2VbeaIPiymGRHj5H+qfTAzAKxtv7jJbVA3YYvEzWcVE2oKDP4wcbhIERw==

"@cspell/dict-terraform@^1.0.1":
  version "1.0.1"
  resolved "https://registry.yarnpkg.com/@cspell/dict-terraform/-/dict-terraform-1.0.1.tgz#81648af2e7f19e8b3188be5e7b1a2d2b6627f58b"
  integrity sha512-29lmUUnZgPh+ieZ5hunick8hzNIpNRtiJh9vAusNskPCrig3RTW6u7F+GG1a8uyslbzSw+Irjf40PTOan1OJJA==

"@cspell/dict-typescript@^3.1.6":
  version "3.1.6"
  resolved "https://registry.yarnpkg.com/@cspell/dict-typescript/-/dict-typescript-3.1.6.tgz#2d5351786787bf3609da65ba17d9bc345995a36d"
  integrity sha512-1beC6O4P/j23VuxX+i0+F7XqPVc3hhiAzGJHEKqnWf5cWAXQtg0xz3xQJ5MvYx2a7iLaSa+lu7+05vG9UHyu9Q==

"@cspell/dict-vue@^3.0.0":
  version "3.0.0"
  resolved "https://registry.yarnpkg.com/@cspell/dict-vue/-/dict-vue-3.0.0.tgz#68ccb432ad93fcb0fd665352d075ae9a64ea9250"
  integrity sha512-niiEMPWPV9IeRBRzZ0TBZmNnkK3olkOPYxC1Ny2AX4TGlYRajcW0WUtoSHmvvjZNfWLSg2L6ruiBeuPSbjnG6A==

"@cspell/dynamic-import@8.14.4":
  version "8.14.4"
  resolved "https://registry.yarnpkg.com/@cspell/dynamic-import/-/dynamic-import-8.14.4.tgz#c3a8a9f5a8c6d6f8ccd2612a367bcc870dd07244"
  integrity sha512-GjKsBJvPXp4dYRqsMn7n1zpnKbnpfJnlKLOVeoFBh8fi4n06G50xYr+G25CWX1WT3WFaALAavvVICEUPrVsuqg==
  dependencies:
    import-meta-resolve "^4.1.0"

"@cspell/filetypes@8.14.4":
  version "8.14.4"
  resolved "https://registry.yarnpkg.com/@cspell/filetypes/-/filetypes-8.14.4.tgz#2f8b705d5b7df68817702899f9a94282ac4eef40"
  integrity sha512-qd68dD7xTA4Mnf/wjIKYz2SkiTBshIM+yszOUtLa06YJm0aocoNQ25FHXyYEQYm9NQXCYnRWWA02sFMGs8Sv/w==

"@cspell/strong-weak-map@8.14.4":
  version "8.14.4"
  resolved "https://registry.yarnpkg.com/@cspell/strong-weak-map/-/strong-weak-map-8.14.4.tgz#31a34bc7963d2c18d6cda391b2ddda58b9cb3061"
  integrity sha512-Uyfck64TfVU24wAP3BLGQ5EsAfzIZiLfN90NhttpEM7GlOBmbGrEJd4hNOwfpYsE/TT80eGWQVPRTLr5SDbXFA==

"@cspell/url@8.14.4":
  version "8.14.4"
  resolved "https://registry.yarnpkg.com/@cspell/url/-/url-8.14.4.tgz#46c17d7da0f04fe032ece932ed8137852062341c"
  integrity sha512-htHhNF8WrM/NfaLSWuTYw0NqVgFRVHYSyHlRT3i/Yv5xvErld8Gw7C6ldm+0TLjoGlUe6X1VV72JSir7+yLp/Q==

"@nodelib/fs.scandir@2.1.5":
  version "2.1.5"
  resolved "https://registry.yarnpkg.com/@nodelib/fs.scandir/-/fs.scandir-2.1.5.tgz#7619c2eb21b25483f6d167548b4cfd5a7488c3d5"
  integrity sha512-vq24Bq3ym5HEQm2NKCr3yXDwjc7vTsEThRDnkp2DK9p1uqLR+DHurm/NOTo0KG7HYHU7eppKZj3MyqYuMBf62g==
  dependencies:
    "@nodelib/fs.stat" "2.0.5"
    run-parallel "^1.1.9"

"@nodelib/fs.stat@2.0.5", "@nodelib/fs.stat@^2.0.2":
  version "2.0.5"
  resolved "https://registry.yarnpkg.com/@nodelib/fs.stat/-/fs.stat-2.0.5.tgz#5bd262af94e9d25bd1e71b05deed44876a222e8b"
  integrity sha512-RkhPPp2zrqDAQA/2jNhnztcPAlv64XdhIp7a7454A5ovI7Bukxgt7MX7udwAu3zg1DcpPU0rz3VV1SeaqvY4+A==

"@nodelib/fs.walk@^1.2.3":
  version "1.2.8"
  resolved "https://registry.yarnpkg.com/@nodelib/fs.walk/-/fs.walk-1.2.8.tgz#e95737e8bb6746ddedf69c556953494f196fe69a"
  integrity sha512-oGB+UxlgWcgQkgwo8GcEGwemoTFt3FIO9ababBmaGwXIoBKZ+GTy0pP185beGg7Llih/NSHSV2XAs1lnznocSg==
  dependencies:
    "@nodelib/fs.scandir" "2.1.5"
    fastq "^1.6.0"

ansi-regex@^6.0.1:
  version "6.1.0"
  resolved "https://registry.yarnpkg.com/ansi-regex/-/ansi-regex-6.1.0.tgz#95ec409c69619d6cb1b8b34f14b660ef28ebd654"
  integrity sha512-7HSX4QQb4CspciLpVFwyRe79O3xsIZDDLER21kERQ71oaPodF8jL725AgJMFAYbooIqolJoRLuM81SpeUkpkvA==

array-timsort@^1.0.3:
  version "1.0.3"
  resolved "https://registry.yarnpkg.com/array-timsort/-/array-timsort-1.0.3.tgz#3c9e4199e54fb2b9c3fe5976396a21614ef0d926"
  integrity sha512-/+3GRL7dDAGEfM6TseQk/U+mi18TU2Ms9I3UlLdUMhz2hbvGNTKdj9xniwXfUqgYhHxRx0+8UnKkvlNwVU+cWQ==

braces@^3.0.3:
  version "3.0.3"
  resolved "https://registry.yarnpkg.com/braces/-/braces-3.0.3.tgz#490332f40919452272d55a8480adc0c441358789"
  integrity sha512-yQbXgO/OSZVD2IsiLlro+7Hf6Q18EJrKSEsdoMzKePKXct3gvD8oLcOQdIzGupr5Fj+EDe8gO/lxc1BzfMpxvA==
  dependencies:
    fill-range "^7.1.1"

callsites@^3.0.0, callsites@^3.1.0:
  version "3.1.0"
  resolved "https://registry.yarnpkg.com/callsites/-/callsites-3.1.0.tgz#b3630abd8943432f54b3f0519238e33cd7df2f73"
  integrity sha512-P8BjAsXvZS+VIDUI11hHCQEv74YT67YUi5JJFNWIqL235sBmjX4+qx9Muvls5ivyNENctx46xQLQ3aTuE7ssaQ==

chalk-template@^1.1.0:
  version "1.1.0"
  resolved "https://registry.yarnpkg.com/chalk-template/-/chalk-template-1.1.0.tgz#ffc55db6dd745e9394b85327c8ac8466edb7a7b1"
  integrity sha512-T2VJbcDuZQ0Tb2EWwSotMPJjgpy1/tGee1BTpUNsGZ/qgNjV2t7Mvu+d4600U564nbLesN1x2dPL+xii174Ekg==
  dependencies:
    chalk "^5.2.0"

chalk@^5.2.0, chalk@^5.3.0:
  version "5.3.0"
  resolved "https://registry.yarnpkg.com/chalk/-/chalk-5.3.0.tgz#67c20a7ebef70e7f3970a01f90fa210cb6860385"
  integrity sha512-dLitG79d+GV1Nb/VYcCDFivJeK1hiukt9QjRNVOsUtTy1rR1YJsmpGGTZ3qJos+uw7WmWF4wUwBd9jxjocFC2w==

clear-module@^4.1.2:
  version "4.1.2"
  resolved "https://registry.yarnpkg.com/clear-module/-/clear-module-4.1.2.tgz#5a58a5c9f8dccf363545ad7284cad3c887352a80"
  integrity sha512-LWAxzHqdHsAZlPlEyJ2Poz6AIs384mPeqLVCru2p0BrP9G/kVGuhNyZYClLO6cXlnuJjzC8xtsJIuMjKqLXoAw==
  dependencies:
    parent-module "^2.0.0"
    resolve-from "^5.0.0"

commander@^12.1.0:
  version "12.1.0"
  resolved "https://registry.yarnpkg.com/commander/-/commander-12.1.0.tgz#01423b36f501259fdaac4d0e4d60c96c991585d3"
  integrity sha512-Vw8qHK3bZM9y/P10u3Vib8o/DdkvA2OtPtZvD871QKjy74Wj1WSKFILMPRPSdUSx5RFK1arlJzEtA4PkFgnbuA==

comment-json@^4.2.5:
  version "4.2.5"
  resolved "https://registry.yarnpkg.com/comment-json/-/comment-json-4.2.5.tgz#482e085f759c2704b60bc6f97f55b8c01bc41e70"
  integrity sha512-bKw/r35jR3HGt5PEPm1ljsQQGyCrR8sFGNiN5L+ykDHdpO8Smxkrkla9Yi6NkQyUrb8V54PGhfMs6NrIwtxtdw==
  dependencies:
    array-timsort "^1.0.3"
    core-util-is "^1.0.3"
    esprima "^4.0.1"
    has-own-prop "^2.0.0"
    repeat-string "^1.6.1"

core-util-is@^1.0.3:
  version "1.0.3"
  resolved "https://registry.yarnpkg.com/core-util-is/-/core-util-is-1.0.3.tgz#a6042d3634c2b27e9328f837b965fac83808db85"
  integrity sha512-ZQBvi1DcpJ4GDqanjucZ2Hj3wEO5pZDS89BWbkcrvdxksJorwUDDZamX9ldFkp9aw2lmBDLgkObEA4DWNJ9FYQ==

cspell-config-lib@8.14.4:
  version "8.14.4"
  resolved "https://registry.yarnpkg.com/cspell-config-lib/-/cspell-config-lib-8.14.4.tgz#4642d22c4db22dd1b8923005ff369a24ff541f62"
  integrity sha512-cnUeJfniTiebqCaQmIUnbSrPrTH7xzKRQjJDHAEV0WYnOG2MhRXI13OzytdFdhkVBdStmgTzTCJKE7x+kmU2NA==
  dependencies:
    "@cspell/cspell-types" "8.14.4"
    comment-json "^4.2.5"
    yaml "^2.5.1"

cspell-dictionary@8.14.4:
  version "8.14.4"
  resolved "https://registry.yarnpkg.com/cspell-dictionary/-/cspell-dictionary-8.14.4.tgz#d6bfaa972785b184499d7f81791c913440229de4"
  integrity sha512-pZvQHxpAW5fZAnt3ZKKy3s7M+3CX2t8tCS3uJrpEHIynlCawpG0fPF78rVE5o+g0dON36Lguc/BUuSN4IWKLmQ==
  dependencies:
    "@cspell/cspell-pipe" "8.14.4"
    "@cspell/cspell-types" "8.14.4"
    cspell-trie-lib "8.14.4"
    fast-equals "^5.0.1"

cspell-gitignore@8.14.4:
  version "8.14.4"
  resolved "https://registry.yarnpkg.com/cspell-gitignore/-/cspell-gitignore-8.14.4.tgz#bb53748ed93af980ed7c5772577ccdedada85293"
  integrity sha512-RwfQEW5hD7CpYwS7m3b0ONG0nTLKP6bL2tvMdl7qtaYkL7ztGdsBTtLD1pmwqUsCbiN5RuaOxhYOYeRcpFRIkQ==
  dependencies:
    "@cspell/url" "8.14.4"
    cspell-glob "8.14.4"
    cspell-io "8.14.4"
    find-up-simple "^1.0.0"

cspell-glob@8.14.4:
  version "8.14.4"
  resolved "https://registry.yarnpkg.com/cspell-glob/-/cspell-glob-8.14.4.tgz#b5abbaa291f3d17d5e52a33d26193a29761e30c8"
  integrity sha512-C/xTS5nujMRMuguibq92qMVP767mtxrur7DcVolCvpzcivm1RB5NtIN0OctQxTyMbnmKeQv1t4epRKQ9A8vWRg==
  dependencies:
    "@cspell/url" "8.14.4"
    micromatch "^4.0.8"

cspell-grammar@8.14.4:
  version "8.14.4"
  resolved "https://registry.yarnpkg.com/cspell-grammar/-/cspell-grammar-8.14.4.tgz#a047c9d365127f9e7688eebb649b14a8a7b0ce9e"
  integrity sha512-yaSKAAJDiamsw3FChbw4HXb2RvTQrDsLelh1+T4MavarOIcAxXrqAJ8ysqm++g+S/ooJz2YO8YWIyzJKxcMf8g==
  dependencies:
    "@cspell/cspell-pipe" "8.14.4"
    "@cspell/cspell-types" "8.14.4"

cspell-io@8.14.4:
  version "8.14.4"
  resolved "https://registry.yarnpkg.com/cspell-io/-/cspell-io-8.14.4.tgz#fa80333f473fd04973b850c25116b6392f6c88a3"
  integrity sha512-o6OTWRyx/Az+PFhr1B0wMAwqG070hFC9g73Fkxd8+rHX0rfRS69QZH7LgSmZytqbZIMxCTDGdsLl33MFGWCbZQ==
  dependencies:
    "@cspell/cspell-service-bus" "8.14.4"
    "@cspell/url" "8.14.4"

cspell-lib@8.14.4:
  version "8.14.4"
  resolved "https://registry.yarnpkg.com/cspell-lib/-/cspell-lib-8.14.4.tgz#f59f3141c3b9b44b46defc927365e484a1f7d1cc"
  integrity sha512-qdkUkKtm+nmgpA4jQbmQTuepDfjHBDWvs3zDuEwVIVFq/h8gnXrRr75gJ3RYdTy+vOOqHPoLLqgxyqkUUrUGXA==
  dependencies:
    "@cspell/cspell-bundled-dicts" "8.14.4"
    "@cspell/cspell-pipe" "8.14.4"
    "@cspell/cspell-resolver" "8.14.4"
    "@cspell/cspell-types" "8.14.4"
    "@cspell/dynamic-import" "8.14.4"
    "@cspell/filetypes" "8.14.4"
    "@cspell/strong-weak-map" "8.14.4"
    "@cspell/url" "8.14.4"
    clear-module "^4.1.2"
    comment-json "^4.2.5"
    cspell-config-lib "8.14.4"
    cspell-dictionary "8.14.4"
    cspell-glob "8.14.4"
    cspell-grammar "8.14.4"
    cspell-io "8.14.4"
    cspell-trie-lib "8.14.4"
    env-paths "^3.0.0"
    fast-equals "^5.0.1"
    gensequence "^7.0.0"
    import-fresh "^3.3.0"
    resolve-from "^5.0.0"
    vscode-languageserver-textdocument "^1.0.12"
    vscode-uri "^3.0.8"
    xdg-basedir "^5.1.0"

cspell-trie-lib@8.14.4:
  version "8.14.4"
  resolved "https://registry.yarnpkg.com/cspell-trie-lib/-/cspell-trie-lib-8.14.4.tgz#1cc1d1110edc0d208a027b1bdc3cbec1a15ea7f8"
  integrity sha512-zu8EJ33CH+FA5lwTRGqS//Q6phO0qtgEmODMR1KPlD7WlrfTFMb3bWFsLo/tiv5hjpsn7CM6dYDAAgBOSkoyhQ==
  dependencies:
    "@cspell/cspell-pipe" "8.14.4"
    "@cspell/cspell-types" "8.14.4"
    gensequence "^7.0.0"

cspell@^8.14.4:
  version "8.14.4"
  resolved "https://registry.yarnpkg.com/cspell/-/cspell-8.14.4.tgz#a160fefcaf7158b8fa435245936b4f0426dc8736"
  integrity sha512-R5Awb3i/RKaVVcZzFt8dkN3M6VnifIEDYBcbzbmYjZ/Eq+ASF+QTmI0E9WPhMEcFM1nd7YOyXnETo560yRdoKw==
  dependencies:
    "@cspell/cspell-json-reporter" "8.14.4"
    "@cspell/cspell-pipe" "8.14.4"
    "@cspell/cspell-types" "8.14.4"
    "@cspell/dynamic-import" "8.14.4"
    "@cspell/url" "8.14.4"
    chalk "^5.3.0"
    chalk-template "^1.1.0"
    commander "^12.1.0"
    cspell-dictionary "8.14.4"
    cspell-gitignore "8.14.4"
    cspell-glob "8.14.4"
    cspell-io "8.14.4"
    cspell-lib "8.14.4"
    fast-glob "^3.3.2"
    fast-json-stable-stringify "^2.1.0"
    file-entry-cache "^9.1.0"
    get-stdin "^9.0.0"
    semver "^7.6.3"
    strip-ansi "^7.1.0"

env-paths@^3.0.0:
  version "3.0.0"
  resolved "https://registry.yarnpkg.com/env-paths/-/env-paths-3.0.0.tgz#2f1e89c2f6dbd3408e1b1711dd82d62e317f58da"
  integrity sha512-dtJUTepzMW3Lm/NPxRf3wP4642UWhjL2sQxc+ym2YMj1m/H2zDNQOlezafzkHwn6sMstjHTwG6iQQsctDW/b1A==

esprima@^4.0.1:
  version "4.0.1"
  resolved "https://registry.yarnpkg.com/esprima/-/esprima-4.0.1.tgz#13b04cdb3e6c5d19df91ab6987a8695619b0aa71"
  integrity sha512-eGuFFw7Upda+g4p+QHvnW0RyTX/SVeJBDM/gCtMARO0cLuT2HcEKnTPvhjV6aGeqrCB/sbNop0Kszm0jsaWU4A==

fast-equals@^5.0.1:
  version "5.0.1"
  resolved "https://registry.yarnpkg.com/fast-equals/-/fast-equals-5.0.1.tgz#a4eefe3c5d1c0d021aeed0bc10ba5e0c12ee405d"
  integrity sha512-WF1Wi8PwwSY7/6Kx0vKXtw8RwuSGoM1bvDaJbu7MxDlR1vovZjIAKrnzyrThgAjm6JDTu0fVgWXDlMGspodfoQ==

fast-glob@^3.3.2:
  version "3.3.2"
  resolved "https://registry.yarnpkg.com/fast-glob/-/fast-glob-3.3.2.tgz#a904501e57cfdd2ffcded45e99a54fef55e46129"
  integrity sha512-oX2ruAFQwf/Orj8m737Y5adxDQO0LAB7/S5MnxCdTNDd4p6BsyIVsv9JQsATbTSq8KHRpLwIHbVlUNatxd+1Ow==
  dependencies:
    "@nodelib/fs.stat" "^2.0.2"
    "@nodelib/fs.walk" "^1.2.3"
    glob-parent "^5.1.2"
    merge2 "^1.3.0"
    micromatch "^4.0.4"

fast-json-stable-stringify@^2.1.0:
  version "2.1.0"
  resolved "https://registry.yarnpkg.com/fast-json-stable-stringify/-/fast-json-stable-stringify-2.1.0.tgz#874bf69c6f404c2b5d99c481341399fd55892633"
  integrity sha512-lhd/wF+Lk98HZoTCtlVraHtfh5XYijIjalXck7saUtuanSDyLMxnHhSXEDJqHxD7msR8D0uCmqlkwjCV8xvwHw==

fastq@^1.6.0:
  version "1.17.1"
  resolved "https://registry.yarnpkg.com/fastq/-/fastq-1.17.1.tgz#2a523f07a4e7b1e81a42b91b8bf2254107753b47"
  integrity sha512-sRVD3lWVIXWg6By68ZN7vho9a1pQcN/WBFaAAsDDFzlJjvoGx0P8z7V1t72grFJfJhu3YPZBuu25f7Kaw2jN1w==
  dependencies:
    reusify "^1.0.4"

file-entry-cache@^9.1.0:
  version "9.1.0"
  resolved "https://registry.yarnpkg.com/file-entry-cache/-/file-entry-cache-9.1.0.tgz#2e66ad98ce93f49aed1b178c57b0b5741591e075"
  integrity sha512-/pqPFG+FdxWQj+/WSuzXSDaNzxgTLr/OrR1QuqfEZzDakpdYE70PwUxL7BPUa8hpjbvY1+qvCl8k+8Tq34xJgg==
  dependencies:
    flat-cache "^5.0.0"

fill-range@^7.1.1:
  version "7.1.1"
  resolved "https://registry.yarnpkg.com/fill-range/-/fill-range-7.1.1.tgz#44265d3cac07e3ea7dc247516380643754a05292"
  integrity sha512-YsGpe3WHLK8ZYi4tWDg2Jy3ebRz2rXowDxnld4bkQB00cc/1Zw9AWnC0i9ztDJitivtQvaI9KaLyKrc+hBW0yg==
  dependencies:
    to-regex-range "^5.0.1"

find-up-simple@^1.0.0:
  version "1.0.0"
  resolved "https://registry.yarnpkg.com/find-up-simple/-/find-up-simple-1.0.0.tgz#21d035fde9fdbd56c8f4d2f63f32fd93a1cfc368"
  integrity sha512-q7Us7kcjj2VMePAa02hDAF6d+MzsdsAWEwYyOpwUtlerRBkOEPBCRZrAV4XfcSN8fHAgaD0hP7miwoay6DCprw==

flat-cache@^5.0.0:
  version "5.0.0"
  resolved "https://registry.yarnpkg.com/flat-cache/-/flat-cache-5.0.0.tgz#26c4da7b0f288b408bb2b506b2cb66c240ddf062"
  integrity sha512-JrqFmyUl2PnPi1OvLyTVHnQvwQ0S+e6lGSwu8OkAZlSaNIZciTY2H/cOOROxsBA1m/LZNHDsqAgDZt6akWcjsQ==
  dependencies:
    flatted "^3.3.1"
    keyv "^4.5.4"

flatted@^3.3.1:
  version "3.3.1"
  resolved "https://registry.yarnpkg.com/flatted/-/flatted-3.3.1.tgz#21db470729a6734d4997002f439cb308987f567a"
  integrity sha512-X8cqMLLie7KsNUDSdzeN8FYK9rEt4Dt67OsG/DNGnYTSDBG4uFAJFBnUeiV+zCVAvwFy56IjM9sH51jVaEhNxw==

gensequence@^7.0.0:
  version "7.0.0"
  resolved "https://registry.yarnpkg.com/gensequence/-/gensequence-7.0.0.tgz#bb6aedec8ff665e3a6c42f92823121e3a6ea7718"
  integrity sha512-47Frx13aZh01afHJTB3zTtKIlFI6vWY+MYCN9Qpew6i52rfKjnhCF/l1YlC8UmEMvvntZZ6z4PiCcmyuedR2aQ==

get-stdin@^9.0.0:
  version "9.0.0"
  resolved "https://registry.yarnpkg.com/get-stdin/-/get-stdin-9.0.0.tgz#3983ff82e03d56f1b2ea0d3e60325f39d703a575"
  integrity sha512-dVKBjfWisLAicarI2Sf+JuBE/DghV4UzNAVe9yhEJuzeREd3JhOTE9cUaJTeSa77fsbQUK3pcOpJfM59+VKZaA==

glob-parent@^5.1.2:
  version "5.1.2"
  resolved "https://registry.yarnpkg.com/glob-parent/-/glob-parent-5.1.2.tgz#869832c58034fe68a4093c17dc15e8340d8401c4"
  integrity sha512-AOIgSQCepiJYwP3ARnGx+5VnTu2HBYdzbGP45eLw1vr3zB3vZLeyed1sC9hnbcOc9/SrMyM5RPQrkGz4aS9Zow==
  dependencies:
    is-glob "^4.0.1"

global-directory@^4.0.1:
  version "4.0.1"
  resolved "https://registry.yarnpkg.com/global-directory/-/global-directory-4.0.1.tgz#4d7ac7cfd2cb73f304c53b8810891748df5e361e"
  integrity sha512-wHTUcDUoZ1H5/0iVqEudYW4/kAlN5cZ3j/bXn0Dpbizl9iaUVeWSHqiOjsgk6OW2bkLclbBjzewBz6weQ1zA2Q==
  dependencies:
    ini "4.1.1"

has-own-prop@^2.0.0:
  version "2.0.0"
  resolved "https://registry.yarnpkg.com/has-own-prop/-/has-own-prop-2.0.0.tgz#f0f95d58f65804f5d218db32563bb85b8e0417af"
  integrity sha512-Pq0h+hvsVm6dDEa8x82GnLSYHOzNDt7f0ddFa3FqcQlgzEiptPqL+XrOJNavjOzSYiYWIrgeVYYgGlLmnxwilQ==

import-fresh@^3.3.0:
  version "3.3.0"
  resolved "https://registry.yarnpkg.com/import-fresh/-/import-fresh-3.3.0.tgz#37162c25fcb9ebaa2e6e53d5b4d88ce17d9e0c2b"
  integrity sha512-veYYhQa+D1QBKznvhUHxb8faxlrwUnxseDAbAp457E0wLNio2bOSKnjYDhMj+YiAq61xrMGhQk9iXVk5FzgQMw==
  dependencies:
    parent-module "^1.0.0"
    resolve-from "^4.0.0"

import-meta-resolve@^4.1.0:
  version "4.1.0"
  resolved "https://registry.yarnpkg.com/import-meta-resolve/-/import-meta-resolve-4.1.0.tgz#f9db8bead9fafa61adb811db77a2bf22c5399706"
  integrity sha512-I6fiaX09Xivtk+THaMfAwnA3MVA5Big1WHF1Dfx9hFuvNIWpXnorlkzhcQf6ehrqQiiZECRt1poOAkPmer3ruw==

ini@4.1.1:
  version "4.1.1"
  resolved "https://registry.yarnpkg.com/ini/-/ini-4.1.1.tgz#d95b3d843b1e906e56d6747d5447904ff50ce7a1"
  integrity sha512-QQnnxNyfvmHFIsj7gkPcYymR8Jdw/o7mp5ZFihxn6h8Ci6fh3Dx4E1gPjpQEpIuPo9XVNY/ZUwh4BPMjGyL01g==

is-extglob@^2.1.1:
  version "2.1.1"
  resolved "https://registry.yarnpkg.com/is-extglob/-/is-extglob-2.1.1.tgz#a88c02535791f02ed37c76a1b9ea9773c833f8c2"
  integrity sha512-SbKbANkN603Vi4jEZv49LeVJMn4yGwsbzZworEoyEiutsN3nJYdbO36zfhGJ6QEDpOZIFkDtnq5JRxmvl3jsoQ==

is-glob@^4.0.1:
  version "4.0.3"
  resolved "https://registry.yarnpkg.com/is-glob/-/is-glob-4.0.3.tgz#64f61e42cbbb2eec2071a9dac0b28ba1e65d5084"
  integrity sha512-xelSayHH36ZgE7ZWhli7pW34hNbNl8Ojv5KVmkJD4hBdD3th8Tfk9vYasLM+mXWOZhFkgZfxhLSnrwRr4elSSg==
  dependencies:
    is-extglob "^2.1.1"

is-number@^7.0.0:
  version "7.0.0"
  resolved "https://registry.yarnpkg.com/is-number/-/is-number-7.0.0.tgz#7535345b896734d5f80c4d06c50955527a14f12b"
  integrity sha512-41Cifkg6e8TylSpdtTpeLVMqvSBEVzTttHvERD741+pnZ8ANv0004MRL43QKPDlK9cGvNp6NZWZUBlbGXYxxng==

json-buffer@3.0.1:
  version "3.0.1"
  resolved "https://registry.yarnpkg.com/json-buffer/-/json-buffer-3.0.1.tgz#9338802a30d3b6605fbe0613e094008ca8c05a13"
  integrity sha512-4bV5BfR2mqfQTJm+V5tPPdf+ZpuhiIvTuAB5g8kcrXOZpTT/QwwVRWBywX1ozr6lEuPdbHxwaJlm9G6mI2sfSQ==

keyv@^4.5.4:
  version "4.5.4"
  resolved "https://registry.yarnpkg.com/keyv/-/keyv-4.5.4.tgz#a879a99e29452f942439f2a405e3af8b31d4de93"
  integrity sha512-oxVHkHR/EJf2CNXnWxRLW6mg7JyCCUcG0DtEGmL2ctUo1PNTin1PUil+r/+4r5MpVgC/fn1kjsx7mjSujKqIpw==
  dependencies:
    json-buffer "3.0.1"

merge2@^1.3.0:
  version "1.4.1"
  resolved "https://registry.yarnpkg.com/merge2/-/merge2-1.4.1.tgz#4368892f885e907455a6fd7dc55c0c9d404990ae"
  integrity sha512-8q7VEgMJW4J8tcfVPy8g09NcQwZdbwFEqhe/WZkoIzjn/3TGDwtOCYtXGxA3O8tPzpczCCDgv+P2P5y00ZJOOg==

micromatch@^4.0.4, micromatch@^4.0.8:
  version "4.0.8"
  resolved "https://registry.yarnpkg.com/micromatch/-/micromatch-4.0.8.tgz#d66fa18f3a47076789320b9b1af32bd86d9fa202"
  integrity sha512-PXwfBhYu0hBCPw8Dn0E+WDYb7af3dSLVWKi3HGv84IdF4TyFoC0ysxFd0Goxw7nSv4T/PzEJQxsYsEiFCKo2BA==
  dependencies:
    braces "^3.0.3"
    picomatch "^2.3.1"

parent-module@^1.0.0:
  version "1.0.1"
  resolved "https://registry.yarnpkg.com/parent-module/-/parent-module-1.0.1.tgz#691d2709e78c79fae3a156622452d00762caaaa2"
  integrity sha512-GQ2EWRpQV8/o+Aw8YqtfZZPfNRWZYkbidE9k5rpl/hC3vtHHBfGm2Ifi6qWV+coDGkrUKZAxE3Lot5kcsRlh+g==
  dependencies:
    callsites "^3.0.0"

parent-module@^2.0.0:
  version "2.0.0"
  resolved "https://registry.yarnpkg.com/parent-module/-/parent-module-2.0.0.tgz#fa71f88ff1a50c27e15d8ff74e0e3a9523bf8708"
  integrity sha512-uo0Z9JJeWzv8BG+tRcapBKNJ0dro9cLyczGzulS6EfeyAdeC9sbojtW6XwvYxJkEne9En+J2XEl4zyglVeIwFg==
  dependencies:
    callsites "^3.1.0"

picomatch@^2.3.1:
  version "2.3.1"
  resolved "https://registry.yarnpkg.com/picomatch/-/picomatch-2.3.1.tgz#3ba3833733646d9d3e4995946c1365a67fb07a42"
  integrity sha512-JU3teHTNjmE2VCGFzuY8EXzCDVwEqB2a8fsIvwaStHhAWJEeVd1o1QD80CU6+ZdEXXSLbSsuLwJjkCBWqRQUVA==

queue-microtask@^1.2.2:
  version "1.2.3"
  resolved "https://registry.yarnpkg.com/queue-microtask/-/queue-microtask-1.2.3.tgz#4929228bbc724dfac43e0efb058caf7b6cfb6243"
  integrity sha512-NuaNSa6flKT5JaSYQzJok04JzTL1CA6aGhv5rfLW3PgqA+M2ChpZQnAC8h8i4ZFkBS8X5RqkDBHA7r4hej3K9A==

repeat-string@^1.6.1:
  version "1.6.1"
  resolved "https://registry.yarnpkg.com/repeat-string/-/repeat-string-1.6.1.tgz#8dcae470e1c88abc2d600fff4a776286da75e637"
  integrity sha512-PV0dzCYDNfRi1jCDbJzpW7jNNDRuCOG/jI5ctQcGKt/clZD+YcPS3yIlWuTJMmESC8aevCFmWJy5wjAFgNqN6w==

resolve-from@^4.0.0:
  version "4.0.0"
  resolved "https://registry.yarnpkg.com/resolve-from/-/resolve-from-4.0.0.tgz#4abcd852ad32dd7baabfe9b40e00a36db5f392e6"
  integrity sha512-pb/MYmXstAkysRFx8piNI1tGFNQIFA3vkE3Gq4EuA1dF6gHp/+vgZqsCGJapvy8N3Q+4o7FwvquPJcnZ7RYy4g==

resolve-from@^5.0.0:
  version "5.0.0"
  resolved "https://registry.yarnpkg.com/resolve-from/-/resolve-from-5.0.0.tgz#c35225843df8f776df21c57557bc087e9dfdfc69"
  integrity sha512-qYg9KP24dD5qka9J47d0aVky0N+b4fTU89LN9iDnjB5waksiC49rvMB0PrUJQGoTmH50XPiqOvAjDfaijGxYZw==

reusify@^1.0.4:
  version "1.0.4"
  resolved "https://registry.yarnpkg.com/reusify/-/reusify-1.0.4.tgz#90da382b1e126efc02146e90845a88db12925d76"
  integrity sha512-U9nH88a3fc/ekCF1l0/UP1IosiuIjyTh7hBvXVMHYgVcfGvt897Xguj2UOLDeI5BG2m7/uwyaLVT6fbtCwTyzw==

run-parallel@^1.1.9:
  version "1.2.0"
  resolved "https://registry.yarnpkg.com/run-parallel/-/run-parallel-1.2.0.tgz#66d1368da7bdf921eb9d95bd1a9229e7f21a43ee"
  integrity sha512-5l4VyZR86LZ/lDxZTR6jqL8AFE2S0IFLMP26AbjsLVADxHdhB/c0GUsH+y39UfCi3dzz8OlQuPmnaJOMoDHQBA==
  dependencies:
    queue-microtask "^1.2.2"

semver@^7.6.3:
  version "7.6.3"
  resolved "https://registry.yarnpkg.com/semver/-/semver-7.6.3.tgz#980f7b5550bc175fb4dc09403085627f9eb33143"
  integrity sha512-oVekP1cKtI+CTDvHWYFUcMtsK/00wmAEfyqKfNdARm8u1wNVhSgaX7A8d4UuIlUI5e84iEwOhs7ZPYRmzU9U6A==

strip-ansi@^7.1.0:
  version "7.1.0"
  resolved "https://registry.yarnpkg.com/strip-ansi/-/strip-ansi-7.1.0.tgz#d5b6568ca689d8561370b0707685d22434faff45"
  integrity sha512-iq6eVVI64nQQTRYq2KtEg2d2uU7LElhTJwsH4YzIHZshxlgZms/wIc4VoDQTlG/IvVIrBKG06CrZnp0qv7hkcQ==
  dependencies:
    ansi-regex "^6.0.1"

to-regex-range@^5.0.1:
  version "5.0.1"
  resolved "https://registry.yarnpkg.com/to-regex-range/-/to-regex-range-5.0.1.tgz#1648c44aae7c8d988a326018ed72f5b4dd0392e4"
  integrity sha512-65P7iz6X5yEr1cwcgvQxbbIw7Uk3gOy5dIdtZ4rDveLqhrdJP+Li/Hx6tyK0NEb+2GCyneCMJiGqrADCSNk8sQ==
  dependencies:
    is-number "^7.0.0"

vscode-languageserver-textdocument@^1.0.12:
  version "1.0.12"
  resolved "https://registry.yarnpkg.com/vscode-languageserver-textdocument/-/vscode-languageserver-textdocument-1.0.12.tgz#457ee04271ab38998a093c68c2342f53f6e4a631"
  integrity sha512-cxWNPesCnQCcMPeenjKKsOCKQZ/L6Tv19DTRIGuLWe32lyzWhihGVJ/rcckZXJxfdKCFvRLS3fpBIsV/ZGX4zA==

vscode-uri@^3.0.8:
  version "3.0.8"
  resolved "https://registry.yarnpkg.com/vscode-uri/-/vscode-uri-3.0.8.tgz#1770938d3e72588659a172d0fd4642780083ff9f"
  integrity sha512-AyFQ0EVmsOZOlAnxoFOGOq1SQDWAB7C6aqMGS23svWAllfOaxbuFvcT8D1i8z3Gyn8fraVeZNNmN6e9bxxXkKw==

xdg-basedir@^5.1.0:
  version "5.1.0"
  resolved "https://registry.yarnpkg.com/xdg-basedir/-/xdg-basedir-5.1.0.tgz#1efba19425e73be1bc6f2a6ceb52a3d2c884c0c9"
  integrity sha512-GCPAHLvrIH13+c0SuacwvRYj2SxJXQ4kaVTT5xgL3kPrz56XxkF21IGhjSE1+W0aw7gpBWRGXLCPnPby6lSpmQ==

yaml@^2.5.1:
  version "2.5.1"
  resolved "https://registry.yarnpkg.com/yaml/-/yaml-2.5.1.tgz#c9772aacf62cb7494a95b0c4f1fb065b563db130"
  integrity sha512-bLQOjaX/ADgQ20isPJRvF0iRUHIxVhYvr53Of7wGcWlO2jvtUlH5m87DsmulFVxRpNLOnI4tB6p/oh8D7kpn9Q==
